
Microsoft Visual Studio Solution File, Format Version 12.00
# Visual Studio Version 17
VisualStudioVersion = 17.10.35004.147
MinimumVisualStudioVersion = 10.0.40219.1
Project("{9A19103F-16F7-4668-BE54-9A1E7A4F7556}") = "Schedule.Core", "Schedule.Core\Schedule.Core.csproj", "{78D073F1-C7D7-4E57-B8EB-4E9B2D942095}"
EndProject
Project("{9A19103F-16F7-4668-BE54-9A1E7A4F7556}") = "Schedule.Infrastracture", "Schedule.Infrastracture\Schedule.Infrastracture.csproj", "{80FE51B3-9EA6-40EC-A233-4C86610C4ABC}"
EndProject
Project("{FAE04EC0-301F-11D3-BF4B-00C04F79EFBC}") = "Schedule.Web", "Schedule.Web\Schedule.Web.csproj", "{88BFC153-4B04-46C6-98C6-24DA00E84898}"
EndProject
Global
	GlobalSection(SolutionConfigurationPlatforms) = preSolution
		Debug|Any CPU = Debug|Any CPU
		Release|Any CPU = Release|Any CPU
	EndGlobalSection
	GlobalSection(ProjectConfigurationPlatforms) = postSolution
		{78D073F1-C7D7-4E57-B8EB-4E9B2D942095}.Debug|Any CPU.ActiveCfg = Debug|Any CPU
		{78D073F1-C7D7-4E57-B8EB-4E9B2D942095}.Debug|Any CPU.Build.0 = Debug|Any CPU
		{78D073F1-C7D7-4E57-B8EB-4E9B2D942095}.Release|Any CPU.ActiveCfg = Release|Any CPU
		{78D073F1-C7D7-4E57-B8EB-4E9B2D942095}.Release|Any CPU.Build.0 = Release|Any CPU
		{80FE51B3-9EA6-40EC-A233-4C86610C4ABC}.Debug|Any CPU.ActiveCfg = Debug|Any CPU
		{80FE51B3-9EA6-40EC-A233-4C86610C4ABC}.Debug|Any CPU.Build.0 = Debug|Any CPU
		{80FE51B3-9EA6-40EC-A233-4C86610C4ABC}.Release|Any CPU.ActiveCfg = Release|Any CPU
		{80FE51B3-9EA6-40EC-A233-4C86610C4ABC}.Release|Any CPU.Build.0 = Release|Any CPU
		{88BFC153-4B04-46C6-98C6-24DA00E84898}.Debug|Any CPU.ActiveCfg = Debug|Any CPU
		{88BFC153-4B04-46C6-98C6-24DA00E84898}.Debug|Any CPU.Build.0 = Debug|Any CPU
		{88BFC153-4B04-46C6-98C6-24DA00E84898}.Release|Any CPU.ActiveCfg = Release|Any CPU
		{88BFC153-4B04-46C6-98C6-24DA00E84898}.Release|Any CPU.Build.0 = Release|Any CPU
	EndGlobalSection
	GlobalSection(SolutionProperties) = preSolution
		HideSolutionNode = FALSE
	EndGlobalSection
	GlobalSection(ExtensibilityGlobals) = postSolution
		SolutionGuid = {8BF8CBA5-097F-477B-8A01-48249A4BBA36}
	EndGlobalSection
EndGlobal
